{
  "pins" : [
    {
      "identity" : "idd-log4-swift",
      "kind" : "remoteSourceControl",
      "location" : "https://github.com/kdeda/idd-log4-swift.git",
      "state" : {
        "revision" : "0db2a4cf81631bdff5dbdee445562686e6dab750",
        "version" : "2.0.2"
      }
    },
    {
      "identity" : "idd-swift",
      "kind" : "remoteSourceControl",
      "location" : "https://github.com/kdeda/idd-swift.git",
      "state" : {
        "revision" : "f62562901bdad11c27a3ebfef38814ac8acf4914",
        "version" : "2.1.7"
      }
    },
    {
      "identity" : "idd-zstd-swift",
      "kind" : "remoteSourceControl",
      "location" : "https://github.com/kdeda/idd-zstd-swift.git",
      "state" : {
        "revision" : "2c3da92c9953fa17a6d578691453c262f694c378",
        "version" : "2.0.1"
      }
    },
    {
      "identity" : "swift-crypto",
      "kind" : "remoteSourceControl",
      "location" : "https://github.com/apple/swift-crypto.git",
      "state" : {
        "revision" : "6d9c36b4beda0dae88feab6dc36206434bae713c",
        "version" : "2.4.1"
      }
    },
    {
      "identity" : "swift-log",
      "kind" : "remoteSourceControl",
      "location" : "https://github.com/apple/swift-log.git",
      "state" : {
        "revision" : "32e8d724467f8fe623624570367e3d50c5638e46",
        "version" : "1.5.2"
      }
    }
  ],
  "version" : 2
}
